
Microsoft Visual Studio Solution File, Format Version 12.00
# Visual Studio Version 16
VisualStudioVersion = 16.0.30611.23
MinimumVisualStudioVersion = 10.0.40219.1
Project("{9A19103F-16F7-4668-BE54-9A1E7A4F7556}") = "ChartApp", "ChartApp.csproj", "{A5D5904C-98F5-4D7F-8AED-096F1F1F5B48}"
EndProject
Global
	GlobalSection(SolutionConfigurationPlatforms) = preSolution
		Debug|Any CPU = Debug|Any CPU
		Release|Any CPU = Release|Any CPU
	EndGlobalSection
	GlobalSection(ProjectConfigurationPlatforms) = postSolution
		{A5D5904C-98F5-4D7F-8AED-096F1F1F5B48}.Debug|Any CPU.ActiveCfg = Debug|Any CPU
		{A5D5904C-98F5-4D7F-8AED-096F1F1F5B48}.Debug|Any CPU.Build.0 = Debug|Any CPU
		{A5D5904C-98F5-4D7F-8AED-096F1F1F5B48}.Release|Any CPU.ActiveCfg = Release|Any CPU
		{A5D5904C-98F5-4D7F-8AED-096F1F1F5B48}.Release|Any CPU.Build.0 = Release|Any CPU
	EndGlobalSection
	GlobalSection(SolutionProperties) = preSolution
		HideSolutionNode = FALSE
	EndGlobalSection
	GlobalSection(ExtensibilityGlobals) = postSolution
		SolutionGuid = {6528E306-36C3-4E36-AA63-8F5A87C5DE1A}
	EndGlobalSection
EndGlobal
